
Microsoft Visual Studio Solution File, Format Version 12.00
# Visual Studio Version 16
VisualStudioVersion = 16.0.30225.117
MinimumVisualStudioVersion = 10.0.40219.1
Project("{FAE04EC0-301F-11D3-BF4B-00C04F79EFBC}") = "DynamicListMPP", "DynamicListMPP\DynamicListMPP.csproj", "{DB2B1918-35B5-4766-BAFE-0C4B62691C6E}"
EndProject
Global
	GlobalSection(SolutionConfigurationPlatforms) = preSolution
		Debug|Any CPU = Debug|Any CPU
		Release|Any CPU = Release|Any CPU
	EndGlobalSection
	GlobalSection(ProjectConfigurationPlatforms) = postSolution
		{DB2B1918-35B5-4766-BAFE-0C4B62691C6E}.Debug|Any CPU.ActiveCfg = Debug|Any CPU
		{DB2B1918-35B5-4766-BAFE-0C4B62691C6E}.Debug|Any CPU.Build.0 = Debug|Any CPU
		{DB2B1918-35B5-4766-BAFE-0C4B62691C6E}.Release|Any CPU.ActiveCfg = Release|Any CPU
		{DB2B1918-35B5-4766-BAFE-0C4B62691C6E}.Release|Any CPU.Build.0 = Release|Any CPU
	EndGlobalSection
	GlobalSection(SolutionProperties) = preSolution
		HideSolutionNode = FALSE
	EndGlobalSection
	GlobalSection(ExtensibilityGlobals) = postSolution
		SolutionGuid = {0779D166-1213-4E57-B3DF-BF17FC002995}
	EndGlobalSection
EndGlobal
