
Microsoft Visual Studio Solution File, Format Version 12.00
# Visual Studio Version 16
VisualStudioVersion = 16.0.30804.86
MinimumVisualStudioVersion = 10.0.40219.1
Project("{FAE04EC0-301F-11D3-BF4B-00C04F79EFBC}") = "TWOP_1", "TWOP_1\TWOP_1.csproj", "{D256CE5A-656A-44EE-A459-503F1118869A}"
EndProject
Project("{FAE04EC0-301F-11D3-BF4B-00C04F79EFBC}") = "NUnitTest", "NUnitTest\NUnitTest.csproj", "{BC9558D8-C92E-48D4-BB45-77D75306E116}"
	ProjectSection(ProjectDependencies) = postProject
		{D256CE5A-656A-44EE-A459-503F1118869A} = {D256CE5A-656A-44EE-A459-503F1118869A}
	EndProjectSection
EndProject
Global
	GlobalSection(SolutionConfigurationPlatforms) = preSolution
		Debug|Any CPU = Debug|Any CPU
		Release|Any CPU = Release|Any CPU
	EndGlobalSection
	GlobalSection(ProjectConfigurationPlatforms) = postSolution
		{D256CE5A-656A-44EE-A459-503F1118869A}.Debug|Any CPU.ActiveCfg = Debug|Any CPU
		{D256CE5A-656A-44EE-A459-503F1118869A}.Debug|Any CPU.Build.0 = Debug|Any CPU
		{D256CE5A-656A-44EE-A459-503F1118869A}.Release|Any CPU.ActiveCfg = Release|Any CPU
		{D256CE5A-656A-44EE-A459-503F1118869A}.Release|Any CPU.Build.0 = Release|Any CPU
		{BC9558D8-C92E-48D4-BB45-77D75306E116}.Debug|Any CPU.ActiveCfg = Debug|Any CPU
		{BC9558D8-C92E-48D4-BB45-77D75306E116}.Debug|Any CPU.Build.0 = Debug|Any CPU
		{BC9558D8-C92E-48D4-BB45-77D75306E116}.Release|Any CPU.ActiveCfg = Release|Any CPU
		{BC9558D8-C92E-48D4-BB45-77D75306E116}.Release|Any CPU.Build.0 = Release|Any CPU
	EndGlobalSection
	GlobalSection(SolutionProperties) = preSolution
		HideSolutionNode = FALSE
	EndGlobalSection
	GlobalSection(ExtensibilityGlobals) = postSolution
		SolutionGuid = {C2D0BCFD-BB08-4EB0-8B91-3BF393731392}
	EndGlobalSection
EndGlobal
