
Microsoft Visual Studio Solution File, Format Version 12.00
# Visual Studio Version 16
VisualStudioVersion = 16.0.30225.117
MinimumVisualStudioVersion = 10.0.40219.1
Project("{FAE04EC0-301F-11D3-BF4B-00C04F79EFBC}") = "Mutex", "Mutex\Mutex.csproj", "{AFFAD957-4187-43A8-AF01-84A6EE6D7275}"
EndProject
Global
	GlobalSection(SolutionConfigurationPlatforms) = preSolution
		Debug|Any CPU = Debug|Any CPU
		Release|Any CPU = Release|Any CPU
	EndGlobalSection
	GlobalSection(ProjectConfigurationPlatforms) = postSolution
		{AFFAD957-4187-43A8-AF01-84A6EE6D7275}.Debug|Any CPU.ActiveCfg = Debug|Any CPU
		{AFFAD957-4187-43A8-AF01-84A6EE6D7275}.Debug|Any CPU.Build.0 = Debug|Any CPU
		{AFFAD957-4187-43A8-AF01-84A6EE6D7275}.Release|Any CPU.ActiveCfg = Release|Any CPU
		{AFFAD957-4187-43A8-AF01-84A6EE6D7275}.Release|Any CPU.Build.0 = Release|Any CPU
	EndGlobalSection
	GlobalSection(SolutionProperties) = preSolution
		HideSolutionNode = FALSE
	EndGlobalSection
	GlobalSection(ExtensibilityGlobals) = postSolution
		SolutionGuid = {4C95C6E3-81D8-4018-833A-8F1B2F665F70}
	EndGlobalSection
EndGlobal
