
Microsoft Visual Studio Solution File, Format Version 12.00
# Visual Studio Version 16
VisualStudioVersion = 16.0.30225.117
MinimumVisualStudioVersion = 10.0.40219.1
Project("{FAE04EC0-301F-11D3-BF4B-00C04F79EFBC}") = "Program", "Program\Program.csproj", "{3AB1A22C-4102-4F0B-8C62-98557A245719}"
EndProject
Global
	GlobalSection(SolutionConfigurationPlatforms) = preSolution
		Debug|Any CPU = Debug|Any CPU
		Release|Any CPU = Release|Any CPU
	EndGlobalSection
	GlobalSection(ProjectConfigurationPlatforms) = postSolution
		{3AB1A22C-4102-4F0B-8C62-98557A245719}.Debug|Any CPU.ActiveCfg = Debug|Any CPU
		{3AB1A22C-4102-4F0B-8C62-98557A245719}.Debug|Any CPU.Build.0 = Debug|Any CPU
		{3AB1A22C-4102-4F0B-8C62-98557A245719}.Release|Any CPU.ActiveCfg = Release|Any CPU
		{3AB1A22C-4102-4F0B-8C62-98557A245719}.Release|Any CPU.Build.0 = Release|Any CPU
	EndGlobalSection
	GlobalSection(SolutionProperties) = preSolution
		HideSolutionNode = FALSE
	EndGlobalSection
	GlobalSection(ExtensibilityGlobals) = postSolution
		SolutionGuid = {E060DB9D-6826-41EE-BB81-B87232D792BF}
	EndGlobalSection
EndGlobal
