
Microsoft Visual Studio Solution File, Format Version 12.00
# Visual Studio Version 16
VisualStudioVersion = 16.0.30907.101
MinimumVisualStudioVersion = 10.0.40219.1
Project("{FAE04EC0-301F-11D3-BF4B-00C04F79EFBC}") = "Program", "3\Program.csproj", "{5EDA3F80-C685-4020-84C0-A4D2BE81A69C}"
EndProject
Project("{FAE04EC0-301F-11D3-BF4B-00C04F79EFBC}") = "UTests", "UTests\UTests.csproj", "{EBCB0AF5-9EFA-48EF-BE18-4419B11F67D0}"
EndProject
Project("{2150E333-8FDC-42A3-9474-1A3956D46DE8}") = "Solution Items", "Solution Items", "{CD5B32EB-85D2-49D1-8DE8-95009EEA688A}"
	ProjectSection(SolutionItems) = preProject
		3.vsmdi = 3.vsmdi
		Local.testsettings = Local.testsettings
		TraceAndTestImpact.testsettings = TraceAndTestImpact.testsettings
	EndProjectSection
EndProject
Global
	GlobalSection(SolutionConfigurationPlatforms) = preSolution
		Debug|Any CPU = Debug|Any CPU
		Debug|Mixed Platforms = Debug|Mixed Platforms
		Debug|x86 = Debug|x86
		Release|Any CPU = Release|Any CPU
		Release|Mixed Platforms = Release|Mixed Platforms
		Release|x86 = Release|x86
	EndGlobalSection
	GlobalSection(ProjectConfigurationPlatforms) = postSolution
		{5EDA3F80-C685-4020-84C0-A4D2BE81A69C}.Debug|Any CPU.ActiveCfg = Debug|x86
		{5EDA3F80-C685-4020-84C0-A4D2BE81A69C}.Debug|Mixed Platforms.ActiveCfg = Debug|x86
		{5EDA3F80-C685-4020-84C0-A4D2BE81A69C}.Debug|Mixed Platforms.Build.0 = Debug|x86
		{5EDA3F80-C685-4020-84C0-A4D2BE81A69C}.Debug|x86.ActiveCfg = Debug|x86
		{5EDA3F80-C685-4020-84C0-A4D2BE81A69C}.Debug|x86.Build.0 = Debug|x86
		{5EDA3F80-C685-4020-84C0-A4D2BE81A69C}.Release|Any CPU.ActiveCfg = Release|x86
		{5EDA3F80-C685-4020-84C0-A4D2BE81A69C}.Release|Mixed Platforms.ActiveCfg = Release|x86
		{5EDA3F80-C685-4020-84C0-A4D2BE81A69C}.Release|Mixed Platforms.Build.0 = Release|x86
		{5EDA3F80-C685-4020-84C0-A4D2BE81A69C}.Release|x86.ActiveCfg = Release|x86
		{5EDA3F80-C685-4020-84C0-A4D2BE81A69C}.Release|x86.Build.0 = Release|x86
		{EBCB0AF5-9EFA-48EF-BE18-4419B11F67D0}.Debug|Any CPU.ActiveCfg = Debug|Any CPU
		{EBCB0AF5-9EFA-48EF-BE18-4419B11F67D0}.Debug|Any CPU.Build.0 = Debug|Any CPU
		{EBCB0AF5-9EFA-48EF-BE18-4419B11F67D0}.Debug|Mixed Platforms.ActiveCfg = Debug|Any CPU
		{EBCB0AF5-9EFA-48EF-BE18-4419B11F67D0}.Debug|Mixed Platforms.Build.0 = Debug|Any CPU
		{EBCB0AF5-9EFA-48EF-BE18-4419B11F67D0}.Debug|x86.ActiveCfg = Debug|Any CPU
		{EBCB0AF5-9EFA-48EF-BE18-4419B11F67D0}.Release|Any CPU.ActiveCfg = Release|Any CPU
		{EBCB0AF5-9EFA-48EF-BE18-4419B11F67D0}.Release|Any CPU.Build.0 = Release|Any CPU
		{EBCB0AF5-9EFA-48EF-BE18-4419B11F67D0}.Release|Mixed Platforms.ActiveCfg = Release|Any CPU
		{EBCB0AF5-9EFA-48EF-BE18-4419B11F67D0}.Release|Mixed Platforms.Build.0 = Release|Any CPU
		{EBCB0AF5-9EFA-48EF-BE18-4419B11F67D0}.Release|x86.ActiveCfg = Release|Any CPU
	EndGlobalSection
	GlobalSection(SolutionProperties) = preSolution
		HideSolutionNode = FALSE
	EndGlobalSection
	GlobalSection(ExtensibilityGlobals) = postSolution
		SolutionGuid = {20657783-FE4A-4E92-8DD7-2ECE6AE316BE}
	EndGlobalSection
	GlobalSection(TestCaseManagementSettings) = postSolution
		CategoryFile = 3.vsmdi
	EndGlobalSection
EndGlobal
